// !$*UTF8*$!
{
	archiveVersion = 1;
	classes = {
	};
	objectVersion = 46;
	objects = {

/* Begin PBXBuildFile section */
		3A084C281A2E70C300DB83E0 /* TouchNodeMap.swift in Sources */ = {isa = PBXBuildFile; fileRef = 3A084C271A2E70C300DB83E0 /* TouchNodeMap.swift */; };
		3A4CE7A11A3C1F4800E68A92 /* PropertyTrayTileNode.swift in Sources */ = {isa = PBXBuildFile; fileRef = 3A4CE7A01A3C1F4800E68A92 /* PropertyTrayTileNode.swift */; };
		3A4CE7A31A3CAF0F00E68A92 /* TileNode.swift in Sources */ = {isa = PBXBuildFile; fileRef = 3A4CE7A21A3CAF0F00E68A92 /* TileNode.swift */; };
		3A4CE7A51A3E482B00E68A92 /* Set.swift in Sources */ = {isa = PBXBuildFile; fileRef = 3A4CE7A41A3E482B00E68A92 /* Set.swift */; };
		3A8281FC1A3FF06400398107 /* Regex.swift in Sources */ = {isa = PBXBuildFile; fileRef = 3A8281FB1A3FF06400398107 /* Regex.swift */; };
		3A98D0BD1A2D622000EF1F08 /* MultiplePanGestureRecognizer.swift in Sources */ = {isa = PBXBuildFile; fileRef = 3A98D0BC1A2D622000EF1F08 /* MultiplePanGestureRecognizer.swift */; };
		3AADCBA71A2F8AA90047CA95 /* Constants.swift in Sources */ = {isa = PBXBuildFile; fileRef = 3AADCBA61A2F8AA90047CA95 /* Constants.swift */; };
		3AADCBA91A2F98020047CA95 /* PredicateTileNode.swift in Sources */ = {isa = PBXBuildFile; fileRef = 3AADCBA81A2F98020047CA95 /* PredicateTileNode.swift */; };
		3AB3E8F71A1A3601004A9691 /* AppDelegate.swift in Sources */ = {isa = PBXBuildFile; fileRef = 3AB3E8F61A1A3601004A9691 /* AppDelegate.swift */; };
		3AB3E8FB1A1A3601004A9691 /* GameScene.swift in Sources */ = {isa = PBXBuildFile; fileRef = 3AB3E8FA1A1A3601004A9691 /* GameScene.swift */; };
		3AB3E8FD1A1A3601004A9691 /* GameViewController.swift in Sources */ = {isa = PBXBuildFile; fileRef = 3AB3E8FC1A1A3601004A9691 /* GameViewController.swift */; };
		3AB3E9001A1A3601004A9691 /* Main.storyboard in Resources */ = {isa = PBXBuildFile; fileRef = 3AB3E8FE1A1A3601004A9691 /* Main.storyboard */; };
		3AB3E9021A1A3601004A9691 /* Images.xcassets in Resources */ = {isa = PBXBuildFile; fileRef = 3AB3E9011A1A3601004A9691 /* Images.xcassets */; };
		3AB3E9051A1A3601004A9691 /* LaunchScreen.xib in Resources */ = {isa = PBXBuildFile; fileRef = 3AB3E9031A1A3601004A9691 /* LaunchScreen.xib */; };
		3AB3E9111A1A3602004A9691 /* QueryBuilderTests.swift in Sources */ = {isa = PBXBuildFile; fileRef = 3AB3E9101A1A3602004A9691 /* QueryBuilderTests.swift */; };
		3AB3E9821A1A3C80004A9691 /* bson.c in Sources */ = {isa = PBXBuildFile; fileRef = 3AB3E96C1A1A39E7004A9691 /* bson.c */; };
		3AB3E9831A1A3C80004A9691 /* encoding.c in Sources */ = {isa = PBXBuildFile; fileRef = 3AB3E96E1A1A39E7004A9691 /* encoding.c */; };
		3AB3E9841A1A3C80004A9691 /* env.c in Sources */ = {isa = PBXBuildFile; fileRef = 3AB3E9701A1A39E7004A9691 /* env.c */; };
		3AB3E9851A1A3C80004A9691 /* md5.c in Sources */ = {isa = PBXBuildFile; fileRef = 3AB3E9741A1A39E7004A9691 /* md5.c */; };
		3AB3E9861A1A3C80004A9691 /* mongo.c in Sources */ = {isa = PBXBuildFile; fileRef = 3AB3E9761A1A39E7004A9691 /* mongo.c */; };
		3AB3E9871A1A3C80004A9691 /* numbers.c in Sources */ = {isa = PBXBuildFile; fileRef = 3AB3E9781A1A39E7004A9691 /* numbers.c */; };
		3AB3E9A11A1A3CA4004A9691 /* BSON_Helper.m in Sources */ = {isa = PBXBuildFile; fileRef = 3AB3E98A1A1A3CA4004A9691 /* BSON_Helper.m */; };
		3AB3E9A21A1A3CA4004A9691 /* BSONDecoder.m in Sources */ = {isa = PBXBuildFile; fileRef = 3AB3E98E1A1A3CA4004A9691 /* BSONDecoder.m */; };
		3AB3E9A31A1A3CA4004A9691 /* BSONDocument.m in Sources */ = {isa = PBXBuildFile; fileRef = 3AB3E9901A1A3CA4004A9691 /* BSONDocument.m */; };
		3AB3E9A41A1A3CA4004A9691 /* BSONEncoder.m in Sources */ = {isa = PBXBuildFile; fileRef = 3AB3E9921A1A3CA4004A9691 /* BSONEncoder.m */; };
		3AB3E9A51A1A3CA4004A9691 /* BSONIterator.m in Sources */ = {isa = PBXBuildFile; fileRef = 3AB3E9941A1A3CA4004A9691 /* BSONIterator.m */; };
		3AB3E9A61A1A3CA4004A9691 /* BSONTypes.m in Sources */ = {isa = PBXBuildFile; fileRef = 3AB3E9961A1A3CA4004A9691 /* BSONTypes.m */; };
		3AB3E9A71A1A3CA4004A9691 /* NSData+BSONAdditions.m in Sources */ = {isa = PBXBuildFile; fileRef = 3AB3E9981A1A3CA4004A9691 /* NSData+BSONAdditions.m */; };
		3AB3E9A81A1A3CA4004A9691 /* NSDictionary+BSONAdditions.m in Sources */ = {isa = PBXBuildFile; fileRef = 3AB3E99A1A1A3CA4004A9691 /* NSDictionary+BSONAdditions.m */; };
		3AB3E9A91A1A3CA4004A9691 /* NSManagedObject+BSONCoding.m in Sources */ = {isa = PBXBuildFile; fileRef = 3AB3E99C1A1A3CA4004A9691 /* NSManagedObject+BSONCoding.m */; };
		3AB3E9AA1A1A3CA4004A9691 /* NSString+BSONAdditions.m in Sources */ = {isa = PBXBuildFile; fileRef = 3AB3E99E1A1A3CA4004A9691 /* NSString+BSONAdditions.m */; };
		3AB3E9AB1A1A3CA4004A9691 /* ObjCBSON.m in Sources */ = {isa = PBXBuildFile; fileRef = 3AB3E9A01A1A3CA4004A9691 /* ObjCBSON.m */; };
		3AB3E9AF1A1A3CCC004A9691 /* OrderedDictionary.m in Sources */ = {isa = PBXBuildFile; fileRef = 3AB3E9AE1A1A3CCC004A9691 /* OrderedDictionary.m */; };
		3AB3E9CB1A1A3CDF004A9691 /* Mongo_Helper.m in Sources */ = {isa = PBXBuildFile; fileRef = 3AB3E9B21A1A3CDF004A9691 /* Mongo_Helper.m */; };
		3AB3E9CC1A1A3CDF004A9691 /* MongoConnection+Diagnostics.m in Sources */ = {isa = PBXBuildFile; fileRef = 3AB3E9B51A1A3CDF004A9691 /* MongoConnection+Diagnostics.m */; };
		3AB3E9CD1A1A3CDF004A9691 /* MongoConnection.m in Sources */ = {isa = PBXBuildFile; fileRef = 3AB3E9B71A1A3CDF004A9691 /* MongoConnection.m */; };
		3AB3E9CE1A1A3CDF004A9691 /* MongoCursor.m in Sources */ = {isa = PBXBuildFile; fileRef = 3AB3E9B91A1A3CDF004A9691 /* MongoCursor.m */; };
		3AB3E9CF1A1A3CDF004A9691 /* MongoDBCollection.m in Sources */ = {isa = PBXBuildFile; fileRef = 3AB3E9BB1A1A3CDF004A9691 /* MongoDBCollection.m */; };
		3AB3E9D01A1A3CDF004A9691 /* MongoFindRequest.m in Sources */ = {isa = PBXBuildFile; fileRef = 3AB3E9BD1A1A3CDF004A9691 /* MongoFindRequest.m */; };
		3AB3E9D11A1A3CDF004A9691 /* MongoKeyedPredicate.m in Sources */ = {isa = PBXBuildFile; fileRef = 3AB3E9BF1A1A3CDF004A9691 /* MongoKeyedPredicate.m */; };
		3AB3E9D21A1A3CDF004A9691 /* MongoPredicate.m in Sources */ = {isa = PBXBuildFile; fileRef = 3AB3E9C11A1A3CDF004A9691 /* MongoPredicate.m */; };
		3AB3E9D31A1A3CDF004A9691 /* MongoTypes.m in Sources */ = {isa = PBXBuildFile; fileRef = 3AB3E9C31A1A3CDF004A9691 /* MongoTypes.m */; };
		3AB3E9D41A1A3CDF004A9691 /* MongoUpdateRequest.m in Sources */ = {isa = PBXBuildFile; fileRef = 3AB3E9C51A1A3CDF004A9691 /* MongoUpdateRequest.m */; };
		3AB3E9D51A1A3CDF004A9691 /* MongoWriteConcern.m in Sources */ = {isa = PBXBuildFile; fileRef = 3AB3E9C71A1A3CDF004A9691 /* MongoWriteConcern.m */; };
		3AB3E9D61A1A3CDF004A9691 /* NSArray+MongoAdditions.m in Sources */ = {isa = PBXBuildFile; fileRef = 3AB3E9C91A1A3CDF004A9691 /* NSArray+MongoAdditions.m */; };
		3AB3E9D81A1A3DC9004A9691 /* CoreGraphics.framework in Frameworks */ = {isa = PBXBuildFile; fileRef = 3AB3E9D71A1A3DC9004A9691 /* CoreGraphics.framework */; };
		3AB3E9DF1A1A45E4004A9691 /* Collection.swift in Sources */ = {isa = PBXBuildFile; fileRef = 3AB3E9DE1A1A45E4004A9691 /* Collection.swift */; };
		3AC745E81A31815F00C16776 /* SettingsViewController.swift in Sources */ = {isa = PBXBuildFile; fileRef = 3AC745E71A31815F00C16776 /* SettingsViewController.swift */; };
		3AC745EA1A3182D200C16776 /* SettingsView.xib in Resources */ = {isa = PBXBuildFile; fileRef = 3AC745E91A3182D200C16776 /* SettingsView.xib */; };
		3AE5E9271A358F29002E6813 /* PropertyTrayNode.swift in Sources */ = {isa = PBXBuildFile; fileRef = 3AE5E9261A358F29002E6813 /* PropertyTrayNode.swift */; };
		3AFCB9FE1A5B706D00232891 /* BBGestureRecognizer.swift in Sources */ = {isa = PBXBuildFile; fileRef = 3AFCB9F91A5B706D00232891 /* BBGestureRecognizer.swift */; };
		3AFCB9FF1A5B706D00232891 /* BBGestureRecognizerDelegate.swift in Sources */ = {isa = PBXBuildFile; fileRef = 3AFCB9FA1A5B706D00232891 /* BBGestureRecognizerDelegate.swift */; };
		3AFCBA001A5B706D00232891 /* BBPanGestureRecognizer.swift in Sources */ = {isa = PBXBuildFile; fileRef = 3AFCB9FB1A5B706D00232891 /* BBPanGestureRecognizer.swift */; };
		3AFCBA011A5B706D00232891 /* BBSKNode.swift in Sources */ = {isa = PBXBuildFile; fileRef = 3AFCB9FC1A5B706D00232891 /* BBSKNode.swift */; };
		3AFCBA021A5B706D00232891 /* BBTapGestureRecognizer.swift in Sources */ = {isa = PBXBuildFile; fileRef = 3AFCB9FD1A5B706D00232891 /* BBTapGestureRecognizer.swift */; };
		3AFCBA041A5B764A00232891 /* LoadingScene.swift in Sources */ = {isa = PBXBuildFile; fileRef = 3AFCBA031A5B764A00232891 /* LoadingScene.swift */; };
		3AFCBA061A5B7CFB00232891 /* DatabaseHelper.swift in Sources */ = {isa = PBXBuildFile; fileRef = 3AFCBA051A5B7CFB00232891 /* DatabaseHelper.swift */; };
		3AFCBA081A5B7D4F00232891 /* MongoSettings.swift in Sources */ = {isa = PBXBuildFile; fileRef = 3AFCBA071A5B7D4F00232891 /* MongoSettings.swift */; };
		3AFCBA0A1A5C353600232891 /* QueueManager.swift in Sources */ = {isa = PBXBuildFile; fileRef = 3AFCBA091A5C353600232891 /* QueueManager.swift */; };
/* End PBXBuildFile section */

/* Begin PBXContainerItemProxy section */
		3AB3E90B1A1A3602004A9691 /* PBXContainerItemProxy */ = {
			isa = PBXContainerItemProxy;
			containerPortal = 3AB3E8E91A1A3601004A9691 /* Project object */;
			proxyType = 1;
			remoteGlobalIDString = 3AB3E8F01A1A3601004A9691;
			remoteInfo = QueryBuilder;
		};
/* End PBXContainerItemProxy section */

/* Begin PBXFileReference section */
		3A084C271A2E70C300DB83E0 /* TouchNodeMap.swift */ = {isa = PBXFileReference; fileEncoding = 4; lastKnownFileType = sourcecode.swift; path = TouchNodeMap.swift; sourceTree = "<group>"; };
		3A4CE7A01A3C1F4800E68A92 /* PropertyTrayTileNode.swift */ = {isa = PBXFileReference; fileEncoding = 4; lastKnownFileType = sourcecode.swift; path = PropertyTrayTileNode.swift; sourceTree = "<group>"; };
		3A4CE7A21A3CAF0F00E68A92 /* TileNode.swift */ = {isa = PBXFileReference; fileEncoding = 4; lastKnownFileType = sourcecode.swift; path = TileNode.swift; sourceTree = "<group>"; };
		3A4CE7A41A3E482B00E68A92 /* Set.swift */ = {isa = PBXFileReference; fileEncoding = 4; lastKnownFileType = sourcecode.swift; path = Set.swift; sourceTree = "<group>"; };
		3A8281FB1A3FF06400398107 /* Regex.swift */ = {isa = PBXFileReference; fileEncoding = 4; lastKnownFileType = sourcecode.swift; path = Regex.swift; sourceTree = "<group>"; };
		3A98D0BC1A2D622000EF1F08 /* MultiplePanGestureRecognizer.swift */ = {isa = PBXFileReference; fileEncoding = 4; lastKnownFileType = sourcecode.swift; path = MultiplePanGestureRecognizer.swift; sourceTree = "<group>"; };
		3AADCBA61A2F8AA90047CA95 /* Constants.swift */ = {isa = PBXFileReference; fileEncoding = 4; lastKnownFileType = sourcecode.swift; path = Constants.swift; sourceTree = "<group>"; };
		3AADCBA81A2F98020047CA95 /* PredicateTileNode.swift */ = {isa = PBXFileReference; fileEncoding = 4; lastKnownFileType = sourcecode.swift; path = PredicateTileNode.swift; sourceTree = "<group>"; };
		3AB3E8F11A1A3601004A9691 /* QueryBuilder.app */ = {isa = PBXFileReference; explicitFileType = wrapper.application; includeInIndex = 0; path = QueryBuilder.app; sourceTree = BUILT_PRODUCTS_DIR; };
		3AB3E8F51A1A3601004A9691 /* Info.plist */ = {isa = PBXFileReference; lastKnownFileType = text.plist.xml; path = Info.plist; sourceTree = "<group>"; };
		3AB3E8F61A1A3601004A9691 /* AppDelegate.swift */ = {isa = PBXFileReference; lastKnownFileType = sourcecode.swift; path = AppDelegate.swift; sourceTree = "<group>"; };
		3AB3E8FA1A1A3601004A9691 /* GameScene.swift */ = {isa = PBXFileReference; lastKnownFileType = sourcecode.swift; path = GameScene.swift; sourceTree = "<group>"; };
		3AB3E8FC1A1A3601004A9691 /* GameViewController.swift */ = {isa = PBXFileReference; lastKnownFileType = sourcecode.swift; path = GameViewController.swift; sourceTree = "<group>"; };
		3AB3E8FF1A1A3601004A9691 /* Base */ = {isa = PBXFileReference; lastKnownFileType = file.storyboard; name = Base; path = Base.lproj/Main.storyboard; sourceTree = "<group>"; };
		3AB3E9011A1A3601004A9691 /* Images.xcassets */ = {isa = PBXFileReference; lastKnownFileType = folder.assetcatalog; path = Images.xcassets; sourceTree = "<group>"; };
		3AB3E9041A1A3601004A9691 /* Base */ = {isa = PBXFileReference; lastKnownFileType = file.xib; name = Base; path = Base.lproj/LaunchScreen.xib; sourceTree = "<group>"; };
		3AB3E90A1A1A3602004A9691 /* QueryBuilderTests.xctest */ = {isa = PBXFileReference; explicitFileType = wrapper.cfbundle; includeInIndex = 0; path = QueryBuilderTests.xctest; sourceTree = BUILT_PRODUCTS_DIR; };
		3AB3E90F1A1A3602004A9691 /* Info.plist */ = {isa = PBXFileReference; lastKnownFileType = text.plist.xml; path = Info.plist; sourceTree = "<group>"; };
		3AB3E9101A1A3602004A9691 /* QueryBuilderTests.swift */ = {isa = PBXFileReference; lastKnownFileType = sourcecode.swift; path = QueryBuilderTests.swift; sourceTree = "<group>"; };
		3AB3E96A1A1A39E7004A9691 /* bcon.c */ = {isa = PBXFileReference; fileEncoding = 4; lastKnownFileType = sourcecode.c.c; path = bcon.c; sourceTree = "<group>"; };
		3AB3E96B1A1A39E7004A9691 /* bcon.h */ = {isa = PBXFileReference; fileEncoding = 4; lastKnownFileType = sourcecode.c.h; path = bcon.h; sourceTree = "<group>"; };
		3AB3E96C1A1A39E7004A9691 /* bson.c */ = {isa = PBXFileReference; fileEncoding = 4; lastKnownFileType = sourcecode.c.c; path = bson.c; sourceTree = "<group>"; };
		3AB3E96D1A1A39E7004A9691 /* bson.h */ = {isa = PBXFileReference; fileEncoding = 4; lastKnownFileType = sourcecode.c.h; path = bson.h; sourceTree = "<group>"; };
		3AB3E96E1A1A39E7004A9691 /* encoding.c */ = {isa = PBXFileReference; fileEncoding = 4; lastKnownFileType = sourcecode.c.c; path = encoding.c; sourceTree = "<group>"; };
		3AB3E96F1A1A39E7004A9691 /* encoding.h */ = {isa = PBXFileReference; fileEncoding = 4; lastKnownFileType = sourcecode.c.h; path = encoding.h; sourceTree = "<group>"; };
		3AB3E9701A1A39E7004A9691 /* env.c */ = {isa = PBXFileReference; fileEncoding = 4; lastKnownFileType = sourcecode.c.c; path = env.c; sourceTree = "<group>"; };
		3AB3E9711A1A39E7004A9691 /* env.h */ = {isa = PBXFileReference; fileEncoding = 4; lastKnownFileType = sourcecode.c.h; path = env.h; sourceTree = "<group>"; };
		3AB3E9721A1A39E7004A9691 /* gridfs.c */ = {isa = PBXFileReference; fileEncoding = 4; lastKnownFileType = sourcecode.c.c; path = gridfs.c; sourceTree = "<group>"; };
		3AB3E9731A1A39E7004A9691 /* gridfs.h */ = {isa = PBXFileReference; fileEncoding = 4; lastKnownFileType = sourcecode.c.h; path = gridfs.h; sourceTree = "<group>"; };
		3AB3E9741A1A39E7004A9691 /* md5.c */ = {isa = PBXFileReference; fileEncoding = 4; lastKnownFileType = sourcecode.c.c; path = md5.c; sourceTree = "<group>"; };
		3AB3E9751A1A39E7004A9691 /* md5.h */ = {isa = PBXFileReference; fileEncoding = 4; lastKnownFileType = sourcecode.c.h; path = md5.h; sourceTree = "<group>"; };
		3AB3E9761A1A39E7004A9691 /* mongo.c */ = {isa = PBXFileReference; fileEncoding = 4; lastKnownFileType = sourcecode.c.c; path = mongo.c; sourceTree = "<group>"; };
		3AB3E9771A1A39E7004A9691 /* mongo.h */ = {isa = PBXFileReference; fileEncoding = 4; lastKnownFileType = sourcecode.c.h; path = mongo.h; sourceTree = "<group>"; };
		3AB3E9781A1A39E7004A9691 /* numbers.c */ = {isa = PBXFileReference; fileEncoding = 4; lastKnownFileType = sourcecode.c.c; path = numbers.c; sourceTree = "<group>"; };
		3AB3E9891A1A3CA4004A9691 /* BSON_Helper.h */ = {isa = PBXFileReference; fileEncoding = 4; lastKnownFileType = sourcecode.c.h; path = BSON_Helper.h; sourceTree = "<group>"; };
		3AB3E98A1A1A3CA4004A9691 /* BSON_Helper.m */ = {isa = PBXFileReference; fileEncoding = 4; lastKnownFileType = sourcecode.c.objc; path = BSON_Helper.m; sourceTree = "<group>"; };
		3AB3E98B1A1A3CA4004A9691 /* BSON_PrivateInterfaces.h */ = {isa = PBXFileReference; fileEncoding = 4; lastKnownFileType = sourcecode.c.h; path = BSON_PrivateInterfaces.h; sourceTree = "<group>"; };
		3AB3E98C1A1A3CA4004A9691 /* BSONCoding.h */ = {isa = PBXFileReference; fileEncoding = 4; lastKnownFileType = sourcecode.c.h; path = BSONCoding.h; sourceTree = "<group>"; };
		3AB3E98D1A1A3CA4004A9691 /* BSONDecoder.h */ = {isa = PBXFileReference; fileEncoding = 4; lastKnownFileType = sourcecode.c.h; path = BSONDecoder.h; sourceTree = "<group>"; };
		3AB3E98E1A1A3CA4004A9691 /* BSONDecoder.m */ = {isa = PBXFileReference; fileEncoding = 4; lastKnownFileType = sourcecode.c.objc; path = BSONDecoder.m; sourceTree = "<group>"; };
		3AB3E98F1A1A3CA4004A9691 /* BSONDocument.h */ = {isa = PBXFileReference; fileEncoding = 4; lastKnownFileType = sourcecode.c.h; path = BSONDocument.h; sourceTree = "<group>"; };
		3AB3E9901A1A3CA4004A9691 /* BSONDocument.m */ = {isa = PBXFileReference; fileEncoding = 4; lastKnownFileType = sourcecode.c.objc; path = BSONDocument.m; sourceTree = "<group>"; };
		3AB3E9911A1A3CA4004A9691 /* BSONEncoder.h */ = {isa = PBXFileReference; fileEncoding = 4; lastKnownFileType = sourcecode.c.h; path = BSONEncoder.h; sourceTree = "<group>"; };
		3AB3E9921A1A3CA4004A9691 /* BSONEncoder.m */ = {isa = PBXFileReference; fileEncoding = 4; lastKnownFileType = sourcecode.c.objc; path = BSONEncoder.m; sourceTree = "<group>"; };
		3AB3E9931A1A3CA4004A9691 /* BSONIterator.h */ = {isa = PBXFileReference; fileEncoding = 4; lastKnownFileType = sourcecode.c.h; path = BSONIterator.h; sourceTree = "<group>"; };
		3AB3E9941A1A3CA4004A9691 /* BSONIterator.m */ = {isa = PBXFileReference; fileEncoding = 4; lastKnownFileType = sourcecode.c.objc; path = BSONIterator.m; sourceTree = "<group>"; };
		3AB3E9951A1A3CA4004A9691 /* BSONTypes.h */ = {isa = PBXFileReference; fileEncoding = 4; lastKnownFileType = sourcecode.c.h; path = BSONTypes.h; sourceTree = "<group>"; };
		3AB3E9961A1A3CA4004A9691 /* BSONTypes.m */ = {isa = PBXFileReference; fileEncoding = 4; lastKnownFileType = sourcecode.c.objc; path = BSONTypes.m; sourceTree = "<group>"; };
		3AB3E9971A1A3CA4004A9691 /* NSData+BSONAdditions.h */ = {isa = PBXFileReference; fileEncoding = 4; lastKnownFileType = sourcecode.c.h; path = "NSData+BSONAdditions.h"; sourceTree = "<group>"; };
		3AB3E9981A1A3CA4004A9691 /* NSData+BSONAdditions.m */ = {isa = PBXFileReference; fileEncoding = 4; lastKnownFileType = sourcecode.c.objc; path = "NSData+BSONAdditions.m"; sourceTree = "<group>"; };
		3AB3E9991A1A3CA4004A9691 /* NSDictionary+BSONAdditions.h */ = {isa = PBXFileReference; fileEncoding = 4; lastKnownFileType = sourcecode.c.h; path = "NSDictionary+BSONAdditions.h"; sourceTree = "<group>"; };
		3AB3E99A1A1A3CA4004A9691 /* NSDictionary+BSONAdditions.m */ = {isa = PBXFileReference; fileEncoding = 4; lastKnownFileType = sourcecode.c.objc; path = "NSDictionary+BSONAdditions.m"; sourceTree = "<group>"; };
		3AB3E99B1A1A3CA4004A9691 /* NSManagedObject+BSONCoding.h */ = {isa = PBXFileReference; fileEncoding = 4; lastKnownFileType = sourcecode.c.h; path = "NSManagedObject+BSONCoding.h"; sourceTree = "<group>"; };
		3AB3E99C1A1A3CA4004A9691 /* NSManagedObject+BSONCoding.m */ = {isa = PBXFileReference; fileEncoding = 4; lastKnownFileType = sourcecode.c.objc; path = "NSManagedObject+BSONCoding.m"; sourceTree = "<group>"; };
		3AB3E99D1A1A3CA4004A9691 /* NSString+BSONAdditions.h */ = {isa = PBXFileReference; fileEncoding = 4; lastKnownFileType = sourcecode.c.h; path = "NSString+BSONAdditions.h"; sourceTree = "<group>"; };
		3AB3E99E1A1A3CA4004A9691 /* NSString+BSONAdditions.m */ = {isa = PBXFileReference; fileEncoding = 4; lastKnownFileType = sourcecode.c.objc; path = "NSString+BSONAdditions.m"; sourceTree = "<group>"; };
		3AB3E99F1A1A3CA4004A9691 /* ObjCBSON.h */ = {isa = PBXFileReference; fileEncoding = 4; lastKnownFileType = sourcecode.c.h; path = ObjCBSON.h; sourceTree = "<group>"; };
		3AB3E9A01A1A3CA4004A9691 /* ObjCBSON.m */ = {isa = PBXFileReference; fileEncoding = 4; lastKnownFileType = sourcecode.c.objc; path = ObjCBSON.m; sourceTree = "<group>"; };
		3AB3E9AD1A1A3CCC004A9691 /* OrderedDictionary.h */ = {isa = PBXFileReference; fileEncoding = 4; lastKnownFileType = sourcecode.c.h; path = OrderedDictionary.h; sourceTree = "<group>"; };
		3AB3E9AE1A1A3CCC004A9691 /* OrderedDictionary.m */ = {isa = PBXFileReference; fileEncoding = 4; lastKnownFileType = sourcecode.c.objc; path = OrderedDictionary.m; sourceTree = "<group>"; };
		3AB3E9B11A1A3CDF004A9691 /* Mongo_Helper.h */ = {isa = PBXFileReference; fileEncoding = 4; lastKnownFileType = sourcecode.c.h; path = Mongo_Helper.h; sourceTree = "<group>"; };
		3AB3E9B21A1A3CDF004A9691 /* Mongo_Helper.m */ = {isa = PBXFileReference; fileEncoding = 4; lastKnownFileType = sourcecode.c.objc; path = Mongo_Helper.m; sourceTree = "<group>"; };
		3AB3E9B31A1A3CDF004A9691 /* Mongo_PrivateInterfaces.h */ = {isa = PBXFileReference; fileEncoding = 4; lastKnownFileType = sourcecode.c.h; path = Mongo_PrivateInterfaces.h; sourceTree = "<group>"; };
		3AB3E9B41A1A3CDF004A9691 /* MongoConnection+Diagnostics.h */ = {isa = PBXFileReference; fileEncoding = 4; lastKnownFileType = sourcecode.c.h; path = "MongoConnection+Diagnostics.h"; sourceTree = "<group>"; };
		3AB3E9B51A1A3CDF004A9691 /* MongoConnection+Diagnostics.m */ = {isa = PBXFileReference; fileEncoding = 4; lastKnownFileType = sourcecode.c.objc; path = "MongoConnection+Diagnostics.m"; sourceTree = "<group>"; };
		3AB3E9B61A1A3CDF004A9691 /* MongoConnection.h */ = {isa = PBXFileReference; fileEncoding = 4; lastKnownFileType = sourcecode.c.h; path = MongoConnection.h; sourceTree = "<group>"; };
		3AB3E9B71A1A3CDF004A9691 /* MongoConnection.m */ = {isa = PBXFileReference; fileEncoding = 4; lastKnownFileType = sourcecode.c.objc; path = MongoConnection.m; sourceTree = "<group>"; };
		3AB3E9B81A1A3CDF004A9691 /* MongoCursor.h */ = {isa = PBXFileReference; fileEncoding = 4; lastKnownFileType = sourcecode.c.h; path = MongoCursor.h; sourceTree = "<group>"; };
		3AB3E9B91A1A3CDF004A9691 /* MongoCursor.m */ = {isa = PBXFileReference; fileEncoding = 4; lastKnownFileType = sourcecode.c.objc; path = MongoCursor.m; sourceTree = "<group>"; };
		3AB3E9BA1A1A3CDF004A9691 /* MongoDBCollection.h */ = {isa = PBXFileReference; fileEncoding = 4; lastKnownFileType = sourcecode.c.h; path = MongoDBCollection.h; sourceTree = "<group>"; };
		3AB3E9BB1A1A3CDF004A9691 /* MongoDBCollection.m */ = {isa = PBXFileReference; fileEncoding = 4; lastKnownFileType = sourcecode.c.objc; path = MongoDBCollection.m; sourceTree = "<group>"; };
		3AB3E9BC1A1A3CDF004A9691 /* MongoFindRequest.h */ = {isa = PBXFileReference; fileEncoding = 4; lastKnownFileType = sourcecode.c.h; path = MongoFindRequest.h; sourceTree = "<group>"; };
		3AB3E9BD1A1A3CDF004A9691 /* MongoFindRequest.m */ = {isa = PBXFileReference; fileEncoding = 4; lastKnownFileType = sourcecode.c.objc; path = MongoFindRequest.m; sourceTree = "<group>"; };
		3AB3E9BE1A1A3CDF004A9691 /* MongoKeyedPredicate.h */ = {isa = PBXFileReference; fileEncoding = 4; lastKnownFileType = sourcecode.c.h; path = MongoKeyedPredicate.h; sourceTree = "<group>"; };
		3AB3E9BF1A1A3CDF004A9691 /* MongoKeyedPredicate.m */ = {isa = PBXFileReference; fileEncoding = 4; lastKnownFileType = sourcecode.c.objc; path = MongoKeyedPredicate.m; sourceTree = "<group>"; };
		3AB3E9C01A1A3CDF004A9691 /* MongoPredicate.h */ = {isa = PBXFileReference; fileEncoding = 4; lastKnownFileType = sourcecode.c.h; path = MongoPredicate.h; sourceTree = "<group>"; };
		3AB3E9C11A1A3CDF004A9691 /* MongoPredicate.m */ = {isa = PBXFileReference; fileEncoding = 4; lastKnownFileType = sourcecode.c.objc; path = MongoPredicate.m; sourceTree = "<group>"; };
		3AB3E9C21A1A3CDF004A9691 /* MongoTypes.h */ = {isa = PBXFileReference; fileEncoding = 4; lastKnownFileType = sourcecode.c.h; path = MongoTypes.h; sourceTree = "<group>"; };
		3AB3E9C31A1A3CDF004A9691 /* MongoTypes.m */ = {isa = PBXFileReference; fileEncoding = 4; lastKnownFileType = sourcecode.c.objc; path = MongoTypes.m; sourceTree = "<group>"; };
		3AB3E9C41A1A3CDF004A9691 /* MongoUpdateRequest.h */ = {isa = PBXFileReference; fileEncoding = 4; lastKnownFileType = sourcecode.c.h; path = MongoUpdateRequest.h; sourceTree = "<group>"; };
		3AB3E9C51A1A3CDF004A9691 /* MongoUpdateRequest.m */ = {isa = PBXFileReference; fileEncoding = 4; lastKnownFileType = sourcecode.c.objc; path = MongoUpdateRequest.m; sourceTree = "<group>"; };
		3AB3E9C61A1A3CDF004A9691 /* MongoWriteConcern.h */ = {isa = PBXFileReference; fileEncoding = 4; lastKnownFileType = sourcecode.c.h; path = MongoWriteConcern.h; sourceTree = "<group>"; };
		3AB3E9C71A1A3CDF004A9691 /* MongoWriteConcern.m */ = {isa = PBXFileReference; fileEncoding = 4; lastKnownFileType = sourcecode.c.objc; path = MongoWriteConcern.m; sourceTree = "<group>"; };
		3AB3E9C81A1A3CDF004A9691 /* NSArray+MongoAdditions.h */ = {isa = PBXFileReference; fileEncoding = 4; lastKnownFileType = sourcecode.c.h; path = "NSArray+MongoAdditions.h"; sourceTree = "<group>"; };
		3AB3E9C91A1A3CDF004A9691 /* NSArray+MongoAdditions.m */ = {isa = PBXFileReference; fileEncoding = 4; lastKnownFileType = sourcecode.c.objc; path = "NSArray+MongoAdditions.m"; sourceTree = "<group>"; };
		3AB3E9CA1A1A3CDF004A9691 /* ObjCMongoDB.h */ = {isa = PBXFileReference; fileEncoding = 4; lastKnownFileType = sourcecode.c.h; path = ObjCMongoDB.h; sourceTree = "<group>"; };
		3AB3E9D71A1A3DC9004A9691 /* CoreGraphics.framework */ = {isa = PBXFileReference; lastKnownFileType = wrapper.framework; name = CoreGraphics.framework; path = System/Library/Frameworks/CoreGraphics.framework; sourceTree = SDKROOT; };
		3AB3E9DB1A1A3F5C004A9691 /* QueryBuilder-Bridging-Header.h */ = {isa = PBXFileReference; lastKnownFileType = sourcecode.c.h; name = "QueryBuilder-Bridging-Header.h"; path = "QueryBuilder/QueryBuilder-Bridging-Header.h"; sourceTree = SOURCE_ROOT; };
		3AB3E9DE1A1A45E4004A9691 /* Collection.swift */ = {isa = PBXFileReference; fileEncoding = 4; lastKnownFileType = sourcecode.swift; path = Collection.swift; sourceTree = "<group>"; };
		3AC745E71A31815F00C16776 /* SettingsViewController.swift */ = {isa = PBXFileReference; fileEncoding = 4; lastKnownFileType = sourcecode.swift; path = SettingsViewController.swift; sourceTree = "<group>"; };
		3AC745E91A3182D200C16776 /* SettingsView.xib */ = {isa = PBXFileReference; fileEncoding = 4; lastKnownFileType = file.xib; path = SettingsView.xib; sourceTree = "<group>"; };
		3AE5E9261A358F29002E6813 /* PropertyTrayNode.swift */ = {isa = PBXFileReference; fileEncoding = 4; lastKnownFileType = sourcecode.swift; path = PropertyTrayNode.swift; sourceTree = "<group>"; };
		3AFCB9F91A5B706D00232891 /* BBGestureRecognizer.swift */ = {isa = PBXFileReference; fileEncoding = 4; lastKnownFileType = sourcecode.swift; path = BBGestureRecognizer.swift; sourceTree = "<group>"; };
		3AFCB9FA1A5B706D00232891 /* BBGestureRecognizerDelegate.swift */ = {isa = PBXFileReference; fileEncoding = 4; lastKnownFileType = sourcecode.swift; path = BBGestureRecognizerDelegate.swift; sourceTree = "<group>"; };
		3AFCB9FB1A5B706D00232891 /* BBPanGestureRecognizer.swift */ = {isa = PBXFileReference; fileEncoding = 4; lastKnownFileType = sourcecode.swift; path = BBPanGestureRecognizer.swift; sourceTree = "<group>"; };
		3AFCB9FC1A5B706D00232891 /* BBSKNode.swift */ = {isa = PBXFileReference; fileEncoding = 4; lastKnownFileType = sourcecode.swift; path = BBSKNode.swift; sourceTree = "<group>"; };
		3AFCB9FD1A5B706D00232891 /* BBTapGestureRecognizer.swift */ = {isa = PBXFileReference; fileEncoding = 4; lastKnownFileType = sourcecode.swift; path = BBTapGestureRecognizer.swift; sourceTree = "<group>"; };
		3AFCBA031A5B764A00232891 /* LoadingScene.swift */ = {isa = PBXFileReference; fileEncoding = 4; lastKnownFileType = sourcecode.swift; path = LoadingScene.swift; sourceTree = "<group>"; };
		3AFCBA051A5B7CFB00232891 /* DatabaseHelper.swift */ = {isa = PBXFileReference; fileEncoding = 4; lastKnownFileType = sourcecode.swift; path = DatabaseHelper.swift; sourceTree = "<group>"; };
		3AFCBA071A5B7D4F00232891 /* MongoSettings.swift */ = {isa = PBXFileReference; fileEncoding = 4; lastKnownFileType = sourcecode.swift; path = MongoSettings.swift; sourceTree = "<group>"; };
		3AFCBA091A5C353600232891 /* QueueManager.swift */ = {isa = PBXFileReference; fileEncoding = 4; lastKnownFileType = sourcecode.swift; path = QueueManager.swift; sourceTree = "<group>"; };
/* End PBXFileReference section */

/* Begin PBXFrameworksBuildPhase section */
		3AB3E8EE1A1A3601004A9691 /* Frameworks */ = {
			isa = PBXFrameworksBuildPhase;
			buildActionMask = 2147483647;
			files = (
				3AB3E9D81A1A3DC9004A9691 /* CoreGraphics.framework in Frameworks */,
			);
			runOnlyForDeploymentPostprocessing = 0;
		};
		3AB3E9071A1A3602004A9691 /* Frameworks */ = {
			isa = PBXFrameworksBuildPhase;
			buildActionMask = 2147483647;
			files = (
			);
			runOnlyForDeploymentPostprocessing = 0;
		};
/* End PBXFrameworksBuildPhase section */

/* Begin PBXGroup section */
		3A8DB8A71A384E8400DA353E /* Resources */ = {
			isa = PBXGroup;
			children = (
				3AB3E9011A1A3601004A9691 /* Images.xcassets */,
				3AB3E9031A1A3601004A9691 /* LaunchScreen.xib */,
				3AB3E8FE1A1A3601004A9691 /* Main.storyboard */,
				3AC745E91A3182D200C16776 /* SettingsView.xib */,
			);
			name = Resources;
			sourceTree = "<group>";
		};
		3AB3E8E81A1A3601004A9691 = {
			isa = PBXGroup;
			children = (
				3AFCB9F81A5B706D00232891 /* BBGestureRecognizer */,
				3AB3E9DD1A1A4548004A9691 /* ObjCMongoDB */,
				3AB3E8F31A1A3601004A9691 /* QueryBuilder */,
				3AB3E90D1A1A3602004A9691 /* QueryBuilderTests */,
				3AB3E8F21A1A3601004A9691 /* Products */,
			);
			sourceTree = "<group>";
		};
		3AB3E8F21A1A3601004A9691 /* Products */ = {
			isa = PBXGroup;
			children = (
				3AB3E8F11A1A3601004A9691 /* QueryBuilder.app */,
				3AB3E90A1A1A3602004A9691 /* QueryBuilderTests.xctest */,
			);
			name = Products;
			sourceTree = "<group>";
		};
		3AB3E8F31A1A3601004A9691 /* QueryBuilder */ = {
			isa = PBXGroup;
			children = (
				3AB3E8F61A1A3601004A9691 /* AppDelegate.swift */,
				3AB3E9DE1A1A45E4004A9691 /* Collection.swift */,
				3AADCBA61A2F8AA90047CA95 /* Constants.swift */,
				3AFCBA051A5B7CFB00232891 /* DatabaseHelper.swift */,
				3AB3E8FA1A1A3601004A9691 /* GameScene.swift */,
				3AFCBA031A5B764A00232891 /* LoadingScene.swift */,
				3AB3E8FC1A1A3601004A9691 /* GameViewController.swift */,
				3A98D0BC1A2D622000EF1F08 /* MultiplePanGestureRecognizer.swift */,
				3AADCBA81A2F98020047CA95 /* PredicateTileNode.swift */,
				3AE5E9261A358F29002E6813 /* PropertyTrayNode.swift */,
				3A4CE7A01A3C1F4800E68A92 /* PropertyTrayTileNode.swift */,
				3A8281FB1A3FF06400398107 /* Regex.swift */,
				3A4CE7A41A3E482B00E68A92 /* Set.swift */,
				3AC745E71A31815F00C16776 /* SettingsViewController.swift */,
				3A4CE7A21A3CAF0F00E68A92 /* TileNode.swift */,
				3A084C271A2E70C300DB83E0 /* TouchNodeMap.swift */,
				3AB3E9DC1A1A4531004A9691 /* Frameworks */,
				3AB3E8F41A1A3601004A9691 /* Supporting Files */,
				3A8DB8A71A384E8400DA353E /* Resources */,
				3AFCBA071A5B7D4F00232891 /* MongoSettings.swift */,
				3AFCBA091A5C353600232891 /* QueueManager.swift */,
			);
			path = QueryBuilder;
			sourceTree = "<group>";
		};
		3AB3E8F41A1A3601004A9691 /* Supporting Files */ = {
			isa = PBXGroup;
			children = (
				3AB3E8F51A1A3601004A9691 /* Info.plist */,
				3AB3E9DB1A1A3F5C004A9691 /* QueryBuilder-Bridging-Header.h */,
			);
			name = "Supporting Files";
			sourceTree = "<group>";
		};
		3AB3E90D1A1A3602004A9691 /* QueryBuilderTests */ = {
			isa = PBXGroup;
			children = (
				3AB3E9101A1A3602004A9691 /* QueryBuilderTests.swift */,
				3AB3E90E1A1A3602004A9691 /* Supporting Files */,
			);
			path = QueryBuilderTests;
			sourceTree = "<group>";
		};
		3AB3E90E1A1A3602004A9691 /* Supporting Files */ = {
			isa = PBXGroup;
			children = (
				3AB3E90F1A1A3602004A9691 /* Info.plist */,
			);
			name = "Supporting Files";
			sourceTree = "<group>";
		};
		3AB3E9691A1A39E7004A9691 /* mongo-c-driver */ = {
			isa = PBXGroup;
			children = (
				3AB3E96A1A1A39E7004A9691 /* bcon.c */,
				3AB3E96B1A1A39E7004A9691 /* bcon.h */,
				3AB3E96C1A1A39E7004A9691 /* bson.c */,
				3AB3E96D1A1A39E7004A9691 /* bson.h */,
				3AB3E96E1A1A39E7004A9691 /* encoding.c */,
				3AB3E96F1A1A39E7004A9691 /* encoding.h */,
				3AB3E9701A1A39E7004A9691 /* env.c */,
				3AB3E9711A1A39E7004A9691 /* env.h */,
				3AB3E9721A1A39E7004A9691 /* gridfs.c */,
				3AB3E9731A1A39E7004A9691 /* gridfs.h */,
				3AB3E9741A1A39E7004A9691 /* md5.c */,
				3AB3E9751A1A39E7004A9691 /* md5.h */,
				3AB3E9761A1A39E7004A9691 /* mongo.c */,
				3AB3E9771A1A39E7004A9691 /* mongo.h */,
				3AB3E9781A1A39E7004A9691 /* numbers.c */,
			);
			name = "mongo-c-driver";
			path = "mongo-c-driver/src";
			sourceTree = "<group>";
		};
		3AB3E9881A1A3CA4004A9691 /* BSON */ = {
			isa = PBXGroup;
			children = (
				3AB3E9891A1A3CA4004A9691 /* BSON_Helper.h */,
				3AB3E98A1A1A3CA4004A9691 /* BSON_Helper.m */,
				3AB3E98B1A1A3CA4004A9691 /* BSON_PrivateInterfaces.h */,
				3AB3E98C1A1A3CA4004A9691 /* BSONCoding.h */,
				3AB3E98D1A1A3CA4004A9691 /* BSONDecoder.h */,
				3AB3E98E1A1A3CA4004A9691 /* BSONDecoder.m */,
				3AB3E98F1A1A3CA4004A9691 /* BSONDocument.h */,
				3AB3E9901A1A3CA4004A9691 /* BSONDocument.m */,
				3AB3E9911A1A3CA4004A9691 /* BSONEncoder.h */,
				3AB3E9921A1A3CA4004A9691 /* BSONEncoder.m */,
				3AB3E9931A1A3CA4004A9691 /* BSONIterator.h */,
				3AB3E9941A1A3CA4004A9691 /* BSONIterator.m */,
				3AB3E9951A1A3CA4004A9691 /* BSONTypes.h */,
				3AB3E9961A1A3CA4004A9691 /* BSONTypes.m */,
				3AB3E9971A1A3CA4004A9691 /* NSData+BSONAdditions.h */,
				3AB3E9981A1A3CA4004A9691 /* NSData+BSONAdditions.m */,
				3AB3E9991A1A3CA4004A9691 /* NSDictionary+BSONAdditions.h */,
				3AB3E99A1A1A3CA4004A9691 /* NSDictionary+BSONAdditions.m */,
				3AB3E99B1A1A3CA4004A9691 /* NSManagedObject+BSONCoding.h */,
				3AB3E99C1A1A3CA4004A9691 /* NSManagedObject+BSONCoding.m */,
				3AB3E99D1A1A3CA4004A9691 /* NSString+BSONAdditions.h */,
				3AB3E99E1A1A3CA4004A9691 /* NSString+BSONAdditions.m */,
				3AB3E99F1A1A3CA4004A9691 /* ObjCBSON.h */,
				3AB3E9A01A1A3CA4004A9691 /* ObjCBSON.m */,
			);
			path = BSON;
			sourceTree = "<group>";
		};
		3AB3E9AC1A1A3CCC004A9691 /* OrderedDictionary */ = {
			isa = PBXGroup;
			children = (
				3AB3E9AD1A1A3CCC004A9691 /* OrderedDictionary.h */,
				3AB3E9AE1A1A3CCC004A9691 /* OrderedDictionary.m */,
			);
			path = OrderedDictionary;
			sourceTree = "<group>";
		};
		3AB3E9B01A1A3CDF004A9691 /* Mongo */ = {
			isa = PBXGroup;
			children = (
				3AB3E9B11A1A3CDF004A9691 /* Mongo_Helper.h */,
				3AB3E9B21A1A3CDF004A9691 /* Mongo_Helper.m */,
				3AB3E9B31A1A3CDF004A9691 /* Mongo_PrivateInterfaces.h */,
				3AB3E9B41A1A3CDF004A9691 /* MongoConnection+Diagnostics.h */,
				3AB3E9B51A1A3CDF004A9691 /* MongoConnection+Diagnostics.m */,
				3AB3E9B61A1A3CDF004A9691 /* MongoConnection.h */,
				3AB3E9B71A1A3CDF004A9691 /* MongoConnection.m */,
				3AB3E9B81A1A3CDF004A9691 /* MongoCursor.h */,
				3AB3E9B91A1A3CDF004A9691 /* MongoCursor.m */,
				3AB3E9BA1A1A3CDF004A9691 /* MongoDBCollection.h */,
				3AB3E9BB1A1A3CDF004A9691 /* MongoDBCollection.m */,
				3AB3E9BC1A1A3CDF004A9691 /* MongoFindRequest.h */,
				3AB3E9BD1A1A3CDF004A9691 /* MongoFindRequest.m */,
				3AB3E9BE1A1A3CDF004A9691 /* MongoKeyedPredicate.h */,
				3AB3E9BF1A1A3CDF004A9691 /* MongoKeyedPredicate.m */,
				3AB3E9C01A1A3CDF004A9691 /* MongoPredicate.h */,
				3AB3E9C11A1A3CDF004A9691 /* MongoPredicate.m */,
				3AB3E9C21A1A3CDF004A9691 /* MongoTypes.h */,
				3AB3E9C31A1A3CDF004A9691 /* MongoTypes.m */,
				3AB3E9C41A1A3CDF004A9691 /* MongoUpdateRequest.h */,
				3AB3E9C51A1A3CDF004A9691 /* MongoUpdateRequest.m */,
				3AB3E9C61A1A3CDF004A9691 /* MongoWriteConcern.h */,
				3AB3E9C71A1A3CDF004A9691 /* MongoWriteConcern.m */,
				3AB3E9C81A1A3CDF004A9691 /* NSArray+MongoAdditions.h */,
				3AB3E9C91A1A3CDF004A9691 /* NSArray+MongoAdditions.m */,
				3AB3E9CA1A1A3CDF004A9691 /* ObjCMongoDB.h */,
			);
			path = Mongo;
			sourceTree = "<group>";
		};
		3AB3E9DC1A1A4531004A9691 /* Frameworks */ = {
			isa = PBXGroup;
			children = (
				3AB3E9D71A1A3DC9004A9691 /* CoreGraphics.framework */,
			);
			name = Frameworks;
			sourceTree = "<group>";
		};
		3AB3E9DD1A1A4548004A9691 /* ObjCMongoDB */ = {
			isa = PBXGroup;
			children = (
				3AB3E9B01A1A3CDF004A9691 /* Mongo */,
				3AB3E9AC1A1A3CCC004A9691 /* OrderedDictionary */,
				3AB3E9881A1A3CA4004A9691 /* BSON */,
				3AB3E9691A1A39E7004A9691 /* mongo-c-driver */,
			);
			path = ObjCMongoDB;
			sourceTree = SOURCE_ROOT;
		};
		3AFCB9F81A5B706D00232891 /* BBGestureRecognizer */ = {
			isa = PBXGroup;
			children = (
				3AFCB9F91A5B706D00232891 /* BBGestureRecognizer.swift */,
				3AFCB9FA1A5B706D00232891 /* BBGestureRecognizerDelegate.swift */,
				3AFCB9FB1A5B706D00232891 /* BBPanGestureRecognizer.swift */,
				3AFCB9FC1A5B706D00232891 /* BBSKNode.swift */,
				3AFCB9FD1A5B706D00232891 /* BBTapGestureRecognizer.swift */,
			);
			name = BBGestureRecognizer;
			path = BBGestureRecognizer/Source;
			sourceTree = "<group>";
		};
/* End PBXGroup section */

/* Begin PBXNativeTarget section */
		3AB3E8F01A1A3601004A9691 /* QueryBuilder */ = {
			isa = PBXNativeTarget;
			buildConfigurationList = 3AB3E9141A1A3602004A9691 /* Build configuration list for PBXNativeTarget "QueryBuilder" */;
			buildPhases = (
				3AB3E8ED1A1A3601004A9691 /* Sources */,
				3AB3E8EE1A1A3601004A9691 /* Frameworks */,
				3AB3E8EF1A1A3601004A9691 /* Resources */,
			);
			buildRules = (
			);
			dependencies = (
			);
			name = QueryBuilder;
			productName = QueryBuilder;
			productReference = 3AB3E8F11A1A3601004A9691 /* QueryBuilder.app */;
			productType = "com.apple.product-type.application";
		};
		3AB3E9091A1A3602004A9691 /* QueryBuilderTests */ = {
			isa = PBXNativeTarget;
			buildConfigurationList = 3AB3E9171A1A3602004A9691 /* Build configuration list for PBXNativeTarget "QueryBuilderTests" */;
			buildPhases = (
				3AB3E9061A1A3602004A9691 /* Sources */,
				3AB3E9071A1A3602004A9691 /* Frameworks */,
				3AB3E9081A1A3602004A9691 /* Resources */,
			);
			buildRules = (
			);
			dependencies = (
				3AB3E90C1A1A3602004A9691 /* PBXTargetDependency */,
			);
			name = QueryBuilderTests;
			productName = QueryBuilderTests;
			productReference = 3AB3E90A1A1A3602004A9691 /* QueryBuilderTests.xctest */;
			productType = "com.apple.product-type.bundle.unit-test";
		};
/* End PBXNativeTarget section */

/* Begin PBXProject section */
		3AB3E8E91A1A3601004A9691 /* Project object */ = {
			isa = PBXProject;
			attributes = {
				LastUpgradeCheck = 0610;
				ORGANIZATIONNAME = "Brennon Bortz";
				TargetAttributes = {
					3AB3E8F01A1A3601004A9691 = {
						CreatedOnToolsVersion = 6.1;
						DevelopmentTeam = 6J8W9468LA;
					};
					3AB3E9091A1A3602004A9691 = {
						CreatedOnToolsVersion = 6.1;
						TestTargetID = 3AB3E8F01A1A3601004A9691;
					};
				};
			};
			buildConfigurationList = 3AB3E8EC1A1A3601004A9691 /* Build configuration list for PBXProject "QueryBuilder" */;
			compatibilityVersion = "Xcode 3.2";
			developmentRegion = English;
			hasScannedForEncodings = 0;
			knownRegions = (
				en,
				Base,
			);
			mainGroup = 3AB3E8E81A1A3601004A9691;
			productRefGroup = 3AB3E8F21A1A3601004A9691 /* Products */;
			projectDirPath = "";
			projectRoot = "";
			targets = (
				3AB3E8F01A1A3601004A9691 /* QueryBuilder */,
				3AB3E9091A1A3602004A9691 /* QueryBuilderTests */,
			);
		};
/* End PBXProject section */

/* Begin PBXResourcesBuildPhase section */
		3AB3E8EF1A1A3601004A9691 /* Resources */ = {
			isa = PBXResourcesBuildPhase;
			buildActionMask = 2147483647;
			files = (
				3AB3E9051A1A3601004A9691 /* LaunchScreen.xib in Resources */,
				3AC745EA1A3182D200C16776 /* SettingsView.xib in Resources */,
				3AB3E9021A1A3601004A9691 /* Images.xcassets in Resources */,
				3AB3E9001A1A3601004A9691 /* Main.storyboard in Resources */,
			);
			runOnlyForDeploymentPostprocessing = 0;
		};
		3AB3E9081A1A3602004A9691 /* Resources */ = {
			isa = PBXResourcesBuildPhase;
			buildActionMask = 2147483647;
			files = (
			);
			runOnlyForDeploymentPostprocessing = 0;
		};
/* End PBXResourcesBuildPhase section */

/* Begin PBXSourcesBuildPhase section */
		3AB3E8ED1A1A3601004A9691 /* Sources */ = {
			isa = PBXSourcesBuildPhase;
			buildActionMask = 2147483647;
			files = (
				3AB3E9871A1A3C80004A9691 /* numbers.c in Sources */,
				3AB3E9D51A1A3CDF004A9691 /* MongoWriteConcern.m in Sources */,
				3AB3E9A81A1A3CA4004A9691 /* NSDictionary+BSONAdditions.m in Sources */,
				3A4CE7A51A3E482B00E68A92 /* Set.swift in Sources */,
				3AB3E9A51A1A3CA4004A9691 /* BSONIterator.m in Sources */,
				3AB3E9D01A1A3CDF004A9691 /* MongoFindRequest.m in Sources */,
				3AB3E9D31A1A3CDF004A9691 /* MongoTypes.m in Sources */,
				3AB3E9A21A1A3CA4004A9691 /* BSONDecoder.m in Sources */,
				3AFCB9FF1A5B706D00232891 /* BBGestureRecognizerDelegate.swift in Sources */,
				3AFCB9FE1A5B706D00232891 /* BBGestureRecognizer.swift in Sources */,
				3AADCBA91A2F98020047CA95 /* PredicateTileNode.swift in Sources */,
				3AB3E9861A1A3C80004A9691 /* mongo.c in Sources */,
				3AB3E9851A1A3C80004A9691 /* md5.c in Sources */,
				3A4CE7A11A3C1F4800E68A92 /* PropertyTrayTileNode.swift in Sources */,
				3AB3E9D21A1A3CDF004A9691 /* MongoPredicate.m in Sources */,
				3AB3E9D11A1A3CDF004A9691 /* MongoKeyedPredicate.m in Sources */,
				3AFCBA061A5B7CFB00232891 /* DatabaseHelper.swift in Sources */,
				3AB3E9D61A1A3CDF004A9691 /* NSArray+MongoAdditions.m in Sources */,
				3AFCBA011A5B706D00232891 /* BBSKNode.swift in Sources */,
				3AB3E9CB1A1A3CDF004A9691 /* Mongo_Helper.m in Sources */,
				3AB3E8FB1A1A3601004A9691 /* GameScene.swift in Sources */,
				3AB3E9A41A1A3CA4004A9691 /* BSONEncoder.m in Sources */,
				3AB3E9AA1A1A3CA4004A9691 /* NSString+BSONAdditions.m in Sources */,
				3AFCBA0A1A5C353600232891 /* QueueManager.swift in Sources */,
				3AB3E9831A1A3C80004A9691 /* encoding.c in Sources */,
				3A4CE7A31A3CAF0F00E68A92 /* TileNode.swift in Sources */,
				3A8281FC1A3FF06400398107 /* Regex.swift in Sources */,
				3AB3E9A71A1A3CA4004A9691 /* NSData+BSONAdditions.m in Sources */,
				3AB3E9CE1A1A3CDF004A9691 /* MongoCursor.m in Sources */,
				3AFCBA021A5B706D00232891 /* BBTapGestureRecognizer.swift in Sources */,
				3AB3E9821A1A3C80004A9691 /* bson.c in Sources */,
				3AB3E9841A1A3C80004A9691 /* env.c in Sources */,
				3AB3E9AB1A1A3CA4004A9691 /* ObjCBSON.m in Sources */,
				3AC745E81A31815F00C16776 /* SettingsViewController.swift in Sources */,
				3AB3E9A11A1A3CA4004A9691 /* BSON_Helper.m in Sources */,
				3AB3E9A61A1A3CA4004A9691 /* BSONTypes.m in Sources */,
				3AFCBA001A5B706D00232891 /* BBPanGestureRecognizer.swift in Sources */,
				3AFCBA041A5B764A00232891 /* LoadingScene.swift in Sources */,
				3AB3E9CC1A1A3CDF004A9691 /* MongoConnection+Diagnostics.m in Sources */,
				3AB3E8FD1A1A3601004A9691 /* GameViewController.swift in Sources */,
				3AB3E9A31A1A3CA4004A9691 /* BSONDocument.m in Sources */,
				3AB3E9D41A1A3CDF004A9691 /* MongoUpdateRequest.m in Sources */,
				3AB3E9CD1A1A3CDF004A9691 /* MongoConnection.m in Sources */,
				3AB3E9AF1A1A3CCC004A9691 /* OrderedDictionary.m in Sources */,
				3AFCBA081A5B7D4F00232891 /* MongoSettings.swift in Sources */,
				3AB3E9DF1A1A45E4004A9691 /* Collection.swift in Sources */,
				3AB3E8F71A1A3601004A9691 /* AppDelegate.swift in Sources */,
				3A084C281A2E70C300DB83E0 /* TouchNodeMap.swift in Sources */,
				3A98D0BD1A2D622000EF1F08 /* MultiplePanGestureRecognizer.swift in Sources */,
				3AE5E9271A358F29002E6813 /* PropertyTrayNode.swift in Sources */,
				3AB3E9CF1A1A3CDF004A9691 /* MongoDBCollection.m in Sources */,
				3AADCBA71A2F8AA90047CA95 /* Constants.swift in Sources */,
				3AB3E9A91A1A3CA4004A9691 /* NSManagedObject+BSONCoding.m in Sources */,
			);
			runOnlyForDeploymentPostprocessing = 0;
		};
		3AB3E9061A1A3602004A9691 /* Sources */ = {
			isa = PBXSourcesBuildPhase;
			buildActionMask = 2147483647;
			files = (
				3AB3E9111A1A3602004A9691 /* QueryBuilderTests.swift in Sources */,
			);
			runOnlyForDeploymentPostprocessing = 0;
		};
/* End PBXSourcesBuildPhase section */

/* Begin PBXTargetDependency section */
		3AB3E90C1A1A3602004A9691 /* PBXTargetDependency */ = {
			isa = PBXTargetDependency;
			target = 3AB3E8F01A1A3601004A9691 /* QueryBuilder */;
			targetProxy = 3AB3E90B1A1A3602004A9691 /* PBXContainerItemProxy */;
		};
/* End PBXTargetDependency section */

/* Begin PBXVariantGroup section */
		3AB3E8FE1A1A3601004A9691 /* Main.storyboard */ = {
			isa = PBXVariantGroup;
			children = (
				3AB3E8FF1A1A3601004A9691 /* Base */,
			);
			name = Main.storyboard;
			sourceTree = "<group>";
		};
		3AB3E9031A1A3601004A9691 /* LaunchScreen.xib */ = {
			isa = PBXVariantGroup;
			children = (
				3AB3E9041A1A3601004A9691 /* Base */,
			);
			name = LaunchScreen.xib;
			sourceTree = "<group>";
		};
/* End PBXVariantGroup section */

/* Begin XCBuildConfiguration section */
		3AB3E9121A1A3602004A9691 /* Debug */ = {
			isa = XCBuildConfiguration;
			buildSettings = {
				ALWAYS_SEARCH_USER_PATHS = NO;
				CLANG_CXX_LANGUAGE_STANDARD = "gnu++0x";
				CLANG_CXX_LIBRARY = "libc++";
				CLANG_ENABLE_MODULES = YES;
				CLANG_ENABLE_OBJC_ARC = YES;
				CLANG_WARN_BOOL_CONVERSION = YES;
				CLANG_WARN_CONSTANT_CONVERSION = YES;
				CLANG_WARN_DIRECT_OBJC_ISA_USAGE = YES_ERROR;
				CLANG_WARN_EMPTY_BODY = YES;
				CLANG_WARN_ENUM_CONVERSION = YES;
				CLANG_WARN_INT_CONVERSION = YES;
				CLANG_WARN_OBJC_ROOT_CLASS = YES_ERROR;
				CLANG_WARN_UNREACHABLE_CODE = YES;
				CLANG_WARN__DUPLICATE_METHOD_MATCH = YES;
				"CODE_SIGN_IDENTITY[sdk=iphoneos*]" = "iPhone Developer";
				COPY_PHASE_STRIP = NO;
				ENABLE_STRICT_OBJC_MSGSEND = YES;
				GCC_C_LANGUAGE_STANDARD = gnu99;
				GCC_DYNAMIC_NO_PIC = NO;
				GCC_OPTIMIZATION_LEVEL = 0;
				GCC_PREPROCESSOR_DEFINITIONS = (
					"DEBUG=1",
					"$(inherited)",
				);
				GCC_SYMBOLS_PRIVATE_EXTERN = NO;
				GCC_WARN_64_TO_32_BIT_CONVERSION = YES;
				GCC_WARN_ABOUT_RETURN_TYPE = YES_ERROR;
				GCC_WARN_UNDECLARED_SELECTOR = YES;
				GCC_WARN_UNINITIALIZED_AUTOS = YES_AGGRESSIVE;
				GCC_WARN_UNUSED_FUNCTION = YES;
				GCC_WARN_UNUSED_VARIABLE = YES;
				IPHONEOS_DEPLOYMENT_TARGET = 8.1;
				MTL_ENABLE_DEBUG_INFO = YES;
				ONLY_ACTIVE_ARCH = YES;
				SDKROOT = iphoneos;
				SWIFT_OPTIMIZATION_LEVEL = "-Onone";
				TARGETED_DEVICE_FAMILY = 2;
			};
			name = Debug;
		};
		3AB3E9131A1A3602004A9691 /* Release */ = {
			isa = XCBuildConfiguration;
			buildSettings = {
				ALWAYS_SEARCH_USER_PATHS = NO;
				CLANG_CXX_LANGUAGE_STANDARD = "gnu++0x";
				CLANG_CXX_LIBRARY = "libc++";
				CLANG_ENABLE_MODULES = YES;
				CLANG_ENABLE_OBJC_ARC = YES;
				CLANG_WARN_BOOL_CONVERSION = YES;
				CLANG_WARN_CONSTANT_CONVERSION = YES;
				CLANG_WARN_DIRECT_OBJC_ISA_USAGE = YES_ERROR;
				CLANG_WARN_EMPTY_BODY = YES;
				CLANG_WARN_ENUM_CONVERSION = YES;
				CLANG_WARN_INT_CONVERSION = YES;
				CLANG_WARN_OBJC_ROOT_CLASS = YES_ERROR;
				CLANG_WARN_UNREACHABLE_CODE = YES;
				CLANG_WARN__DUPLICATE_METHOD_MATCH = YES;
				"CODE_SIGN_IDENTITY[sdk=iphoneos*]" = "iPhone Developer";
				COPY_PHASE_STRIP = YES;
				ENABLE_NS_ASSERTIONS = NO;
				ENABLE_STRICT_OBJC_MSGSEND = YES;
				GCC_C_LANGUAGE_STANDARD = gnu99;
				GCC_WARN_64_TO_32_BIT_CONVERSION = YES;
				GCC_WARN_ABOUT_RETURN_TYPE = YES_ERROR;
				GCC_WARN_UNDECLARED_SELECTOR = YES;
				GCC_WARN_UNINITIALIZED_AUTOS = YES_AGGRESSIVE;
				GCC_WARN_UNUSED_FUNCTION = YES;
				GCC_WARN_UNUSED_VARIABLE = YES;
				IPHONEOS_DEPLOYMENT_TARGET = 8.1;
				MTL_ENABLE_DEBUG_INFO = NO;
				SDKROOT = iphoneos;
				TARGETED_DEVICE_FAMILY = 2;
				VALIDATE_PRODUCT = YES;
			};
			name = Release;
		};
		3AB3E9151A1A3602004A9691 /* Debug */ = {
			isa = XCBuildConfiguration;
			buildSettings = {
				ASSETCATALOG_COMPILER_APPICON_NAME = AppIcon;
				ASSETCATALOG_COMPILER_LAUNCHIMAGE_NAME = LaunchImage;
				CODE_SIGN_IDENTITY = "iPhone Developer";
				"CODE_SIGN_IDENTITY[sdk=iphoneos*]" = "iPhone Developer";
				INFOPLIST_FILE = QueryBuilder/Info.plist;
				IPHONEOS_DEPLOYMENT_TARGET = 8.0;
				LD_RUNPATH_SEARCH_PATHS = "$(inherited) @executable_path/Frameworks";
				PRODUCT_NAME = "$(TARGET_NAME)";
				PROVISIONING_PROFILE = "";
				SWIFT_OBJC_BRIDGING_HEADER = "$(SRCROOT)/$(PROJECT_NAME)/QueryBuilder-Bridging-Header.h";
			};
			name = Debug;
		};
		3AB3E9161A1A3602004A9691 /* Release */ = {
			isa = XCBuildConfiguration;
			buildSettings = {
				ASSETCATALOG_COMPILER_APPICON_NAME = AppIcon;
				ASSETCATALOG_COMPILER_LAUNCHIMAGE_NAME = LaunchImage;
				CODE_SIGN_IDENTITY = "iPhone Developer";
				"CODE_SIGN_IDENTITY[sdk=iphoneos*]" = "iPhone Developer";
				INFOPLIST_FILE = QueryBuilder/Info.plist;
				IPHONEOS_DEPLOYMENT_TARGET = 8.0;
				LD_RUNPATH_SEARCH_PATHS = "$(inherited) @executable_path/Frameworks";
				PRODUCT_NAME = "$(TARGET_NAME)";
				PROVISIONING_PROFILE = "";
				SWIFT_OBJC_BRIDGING_HEADER = "$(SRCROOT)/$(PROJECT_NAME)/QueryBuilder-Bridging-Header.h";
			};
			name = Release;
		};
		3AB3E9181A1A3602004A9691 /* Debug */ = {
			isa = XCBuildConfiguration;
			buildSettings = {
				BUNDLE_LOADER = "$(TEST_HOST)";
				FRAMEWORK_SEARCH_PATHS = (
					"$(SDKROOT)/Developer/Library/Frameworks",
					"$(inherited)",
				);
				GCC_PREPROCESSOR_DEFINITIONS = (
					"DEBUG=1",
					"$(inherited)",
				);
				INFOPLIST_FILE = QueryBuilderTests/Info.plist;
				LD_RUNPATH_SEARCH_PATHS = "$(inherited) @executable_path/Frameworks @loader_path/Frameworks";
				PRODUCT_NAME = "$(TARGET_NAME)";
				TEST_HOST = "$(BUILT_PRODUCTS_DIR)/QueryBuilder.app/QueryBuilder";
			};
			name = Debug;
		};
		3AB3E9191A1A3602004A9691 /* Release */ = {
			isa = XCBuildConfiguration;
			buildSettings = {
				BUNDLE_LOADER = "$(TEST_HOST)";
				FRAMEWORK_SEARCH_PATHS = (
					"$(SDKROOT)/Developer/Library/Frameworks",
					"$(inherited)",
				);
				INFOPLIST_FILE = QueryBuilderTests/Info.plist;
				LD_RUNPATH_SEARCH_PATHS = "$(inherited) @executable_path/Frameworks @loader_path/Frameworks";
				PRODUCT_NAME = "$(TARGET_NAME)";
				TEST_HOST = "$(BUILT_PRODUCTS_DIR)/QueryBuilder.app/QueryBuilder";
			};
			name = Release;
		};
/* End XCBuildConfiguration section */

/* Begin XCConfigurationList section */
		3AB3E8EC1A1A3601004A9691 /* Build configuration list for PBXProject "QueryBuilder" */ = {
			isa = XCConfigurationList;
			buildConfigurations = (
				3AB3E9121A1A3602004A9691 /* Debug */,
				3AB3E9131A1A3602004A9691 /* Release */,
			);
			defaultConfigurationIsVisible = 0;
			defaultConfigurationName = Release;
		};
		3AB3E9141A1A3602004A9691 /* Build configuration list for PBXNativeTarget "QueryBuilder" */ = {
			isa = XCConfigurationList;
			buildConfigurations = (
				3AB3E9151A1A3602004A9691 /* Debug */,
				3AB3E9161A1A3602004A9691 /* Release */,
			);
			defaultConfigurationIsVisible = 0;
			defaultConfigurationName = Release;
		};
		3AB3E9171A1A3602004A9691 /* Build configuration list for PBXNativeTarget "QueryBuilderTests" */ = {
			isa = XCConfigurationList;
			buildConfigurations = (
				3AB3E9181A1A3602004A9691 /* Debug */,
				3AB3E9191A1A3602004A9691 /* Release */,
			);
			defaultConfigurationIsVisible = 0;
			defaultConfigurationName = Release;
		};
/* End XCConfigurationList section */
	};
	rootObject = 3AB3E8E91A1A3601004A9691 /* Project object */;
}
